
Microsoft Visual Studio Solution File, Format Version 12.00
# Visual Studio Version 17
VisualStudioVersion = 17.4.33403.182
MinimumVisualStudioVersion = 10.0.40219.1
Project("{FAE04EC0-301F-11D3-BF4B-00C04F79EFBC}") = "Game of Life", "Game of Life.csproj", "{119F4638-0CFA-4999-A55F-07F0A724D7CB}"
EndProject
Global
	GlobalSection(SolutionConfigurationPlatforms) = preSolution
		Debug|Any CPU = Debug|Any CPU
		Release|Any CPU = Release|Any CPU
	EndGlobalSection
	GlobalSection(ProjectConfigurationPlatforms) = postSolution
		{119F4638-0CFA-4999-A55F-07F0A724D7CB}.Debug|Any CPU.ActiveCfg = Debug|Any CPU
		{119F4638-0CFA-4999-A55F-07F0A724D7CB}.Debug|Any CPU.Build.0 = Debug|Any CPU
		{119F4638-0CFA-4999-A55F-07F0A724D7CB}.Release|Any CPU.ActiveCfg = Release|Any CPU
		{119F4638-0CFA-4999-A55F-07F0A724D7CB}.Release|Any CPU.Build.0 = Release|Any CPU
	EndGlobalSection
	GlobalSection(SolutionProperties) = preSolution
		HideSolutionNode = FALSE
	EndGlobalSection
	GlobalSection(ExtensibilityGlobals) = postSolution
		SolutionGuid = {DBAC8BA5-AC68-4C17-AECD-893AEB62559A}
	EndGlobalSection
EndGlobal
